// !$*UTF8*$!
{
	archiveVersion = 1;
	classes = {
	};
	objectVersion = 77;
	objects = {

/* Begin PBXContainerItemProxy section */
		0950B5B32CB71C7000478DCF /* PBXContainerItemProxy */ = {
			isa = PBXContainerItemProxy;
			containerPortal = 0950B59A2CB71C6E00478DCF /* Project object */;
			proxyType = 1;
			remoteGlobalIDString = 0950B5A12CB71C6E00478DCF;
			remoteInfo = "BP Detector";
		};
		0950B5BD2CB71C7000478DCF /* PBXContainerItemProxy */ = {
			isa = PBXContainerItemProxy;
			containerPortal = 0950B59A2CB71C6E00478DCF /* Project object */;
			proxyType = 1;
			remoteGlobalIDString = 0950B5A12CB71C6E00478DCF;
			remoteInfo = "BP Detector";
		};
/* End PBXContainerItemProxy section */

/* Begin PBXFileReference section */
		0950B5A22CB71C6E00478DCF /* BP Detector.app */ = {isa = PBXFileReference; explicitFileType = wrapper.application; includeInIndex = 0; path = "BP Detector.app"; sourceTree = BUILT_PRODUCTS_DIR; };
		0950B5B22CB71C7000478DCF /* BP DetectorTests.xctest */ = {isa = PBXFileReference; explicitFileType = wrapper.cfbundle; includeInIndex = 0; path = "BP DetectorTests.xctest"; sourceTree = BUILT_PRODUCTS_DIR; };
		0950B5BC2CB71C7000478DCF /* BP DetectorUITests.xctest */ = {isa = PBXFileReference; explicitFileType = wrapper.cfbundle; includeInIndex = 0; path = "BP DetectorUITests.xctest"; sourceTree = BUILT_PRODUCTS_DIR; };
/* End PBXFileReference section */

/* Begin PBXFileSystemSynchronizedRootGroup section */
		0950B5A42CB71C6E00478DCF /* BP Detector */ = {
			isa = PBXFileSystemSynchronizedRootGroup;
			path = "BP Detector";
			sourceTree = "<group>";
		};
		0950B5B52CB71C7000478DCF /* BP DetectorTests */ = {
			isa = PBXFileSystemSynchronizedRootGroup;
			path = "BP DetectorTests";
			sourceTree = "<group>";
		};
		0950B5BF2CB71C7000478DCF /* BP DetectorUITests */ = {
			isa = PBXFileSystemSynchronizedRootGroup;
			path = "BP DetectorUITests";
			sourceTree = "<group>";
		};
/* End PBXFileSystemSynchronizedRootGroup section */

/* Begin PBXFrameworksBuildPhase section */
		0950B59F2CB71C6E00478DCF /* Frameworks */ = {
			isa = PBXFrameworksBuildPhase;
			buildActionMask = 2147483647;
			files = (
			);
			runOnlyForDeploymentPostprocessing = 0;
		};
		0950B5AF2CB71C7000478DCF /* Frameworks */ = {
			isa = PBXFrameworksBuildPhase;
			buildActionMask = 2147483647;
			files = (
			);
			runOnlyForDeploymentPostprocessing = 0;
		};
		0950B5B92CB71C7000478DCF /* Frameworks */ = {
			isa = PBXFrameworksBuildPhase;
			buildActionMask = 2147483647;
			files = (
			);
			runOnlyForDeploymentPostprocessing = 0;
		};
/* End PBXFrameworksBuildPhase section */

/* Begin PBXGroup section */
		0950B5992CB71C6E00478DCF = {
			isa = PBXGroup;
			children = (
				0950B5A42CB71C6E00478DCF /* BP Detector */,
				0950B5B52CB71C7000478DCF /* BP DetectorTests */,
				0950B5BF2CB71C7000478DCF /* BP DetectorUITests */,
				0950B5A32CB71C6E00478DCF /* Products */,
			);
			sourceTree = "<group>";
		};
		0950B5A32CB71C6E00478DCF /* Products */ = {
			isa = PBXGroup;
			children = (
				0950B5A22CB71C6E00478DCF /* BP Detector.app */,
				0950B5B22CB71C7000478DCF /* BP DetectorTests.xctest */,
				0950B5BC2CB71C7000478DCF /* BP DetectorUITests.xctest */,
			);
			name = Products;
			sourceTree = "<group>";
		};
/* End PBXGroup section */

/* Begin PBXNativeTarget section */
		0950B5A12CB71C6E00478DCF /* BP Detector */ = {
			isa = PBXNativeTarget;
			buildConfigurationList = 0950B5C62CB71C7000478DCF /* Build configuration list for PBXNativeTarget "BP Detector" */;
			buildPhases = (
				0950B59E2CB71C6E00478DCF /* Sources */,
				0950B59F2CB71C6E00478DCF /* Frameworks */,
				0950B5A02CB71C6E00478DCF /* Resources */,
			);
			buildRules = (
			);
			dependencies = (
			);
			fileSystemSynchronizedGroups = (
				0950B5A42CB71C6E00478DCF /* BP Detector */,
			);
			name = "BP Detector";
			packageProductDependencies = (
			);
			productName = "BP Detector";
			productReference = 0950B5A22CB71C6E00478DCF /* BP Detector.app */;
			productType = "com.apple.product-type.application";
		};
		0950B5B12CB71C7000478DCF /* BP DetectorTests */ = {
			isa = PBXNativeTarget;
			buildConfigurationList = 0950B5C92CB71C7000478DCF /* Build configuration list for PBXNativeTarget "BP DetectorTests" */;
			buildPhases = (
				0950B5AE2CB71C7000478DCF /* Sources */,
				0950B5AF2CB71C7000478DCF /* Frameworks */,
				0950B5B02CB71C7000478DCF /* Resources */,
			);
			buildRules = (
			);
			dependencies = (
				0950B5B42CB71C7000478DCF /* PBXTargetDependency */,
			);
			fileSystemSynchronizedGroups = (
				0950B5B52CB71C7000478DCF /* BP DetectorTests */,
			);
			name = "BP DetectorTests";
			packageProductDependencies = (
			);
			productName = "BP DetectorTests";
			productReference = 0950B5B22CB71C7000478DCF /* BP DetectorTests.xctest */;
			productType = "com.apple.product-type.bundle.unit-test";
		};
		0950B5BB2CB71C7000478DCF /* BP DetectorUITests */ = {
			isa = PBXNativeTarget;
			buildConfigurationList = 0950B5CC2CB71C7000478DCF /* Build configuration list for PBXNativeTarget "BP DetectorUITests" */;
			buildPhases = (
				0950B5B82CB71C7000478DCF /* Sources */,
				0950B5B92CB71C7000478DCF /* Frameworks */,
				0950B5BA2CB71C7000478DCF /* Resources */,
			);
			buildRules = (
			);
			dependencies = (
				0950B5BE2CB71C7000478DCF /* PBXTargetDependency */,
			);
			fileSystemSynchronizedGroups = (
				0950B5BF2CB71C7000478DCF /* BP DetectorUITests */,
			);
			name = "BP DetectorUITests";
			packageProductDependencies = (
			);
			productName = "BP DetectorUITests";
			productReference = 0950B5BC2CB71C7000478DCF /* BP DetectorUITests.xctest */;
			productType = "com.apple.product-type.bundle.ui-testing";
		};
/* End PBXNativeTarget section */

/* Begin PBXProject section */
		0950B59A2CB71C6E00478DCF /* Project object */ = {
			isa = PBXProject;
			attributes = {
				BuildIndependentTargetsInParallel = 1;
				LastSwiftUpdateCheck = 1600;
				LastUpgradeCheck = 1600;
				TargetAttributes = {
					0950B5A12CB71C6E00478DCF = {
						CreatedOnToolsVersion = 16.0;
					};
					0950B5B12CB71C7000478DCF = {
						CreatedOnToolsVersion = 16.0;
						TestTargetID = 0950B5A12CB71C6E00478DCF;
					};
					0950B5BB2CB71C7000478DCF = {
						CreatedOnToolsVersion = 16.0;
						TestTargetID = 0950B5A12CB71C6E00478DCF;
					};
				};
			};
			buildConfigurationList = 0950B59D2CB71C6E00478DCF /* Build configuration list for PBXProject "BP Detector" */;
			developmentRegion = en;
			hasScannedForEncodings = 0;
			knownRegions = (
				en,
				Base,
			);
			mainGroup = 0950B5992CB71C6E00478DCF;
			minimizedProjectReferenceProxies = 1;
			preferredProjectObjectVersion = 77;
			productRefGroup = 0950B5A32CB71C6E00478DCF /* Products */;
			projectDirPath = "";
			projectRoot = "";
			targets = (
				0950B5A12CB71C6E00478DCF /* BP Detector */,
				0950B5B12CB71C7000478DCF /* BP DetectorTests */,
				0950B5BB2CB71C7000478DCF /* BP DetectorUITests */,
			);
		};
/* End PBXProject section */

/* Begin PBXResourcesBuildPhase section */
		0950B5A02CB71C6E00478DCF /* Resources */ = {
			isa = PBXResourcesBuildPhase;
			buildActionMask = 2147483647;
			files = (
			);
			runOnlyForDeploymentPostprocessing = 0;
		};
		0950B5B02CB71C7000478DCF /* Resources */ = {
			isa = PBXResourcesBuildPhase;
			buildActionMask = 2147483647;
			files = (
			);
			runOnlyForDeploymentPostprocessing = 0;
		};
		0950B5BA2CB71C7000478DCF /* Resources */ = {
			isa = PBXResourcesBuildPhase;
			buildActionMask = 2147483647;
			files = (
			);
			runOnlyForDeploymentPostprocessing = 0;
		};
/* End PBXResourcesBuildPhase section */

/* Begin PBXSourcesBuildPhase section */
		0950B59E2CB71C6E00478DCF /* Sources */ = {
			isa = PBXSourcesBuildPhase;
			buildActionMask = 2147483647;
			files = (
			);
			runOnlyForDeploymentPostprocessing = 0;
		};
		0950B5AE2CB71C7000478DCF /* Sources */ = {
			isa = PBXSourcesBuildPhase;
			buildActionMask = 2147483647;
			files = (
			);
			runOnlyForDeploymentPostprocessing = 0;
		};
		0950B5B82CB71C7000478DCF /* Sources */ = {
			isa = PBXSourcesBuildPhase;
			buildActionMask = 2147483647;
			files = (
			);
			runOnlyForDeploymentPostprocessing = 0;
		};
/* End PBXSourcesBuildPhase section */

/* Begin PBXTargetDependency section */
		0950B5B42CB71C7000478DCF /* PBXTargetDependency */ = {
			isa = PBXTargetDependency;
			target = 0950B5A12CB71C6E00478DCF /* BP Detector */;
			targetProxy = 0950B5B32CB71C7000478DCF /* PBXContainerItemProxy */;
		};
		0950B5BE2CB71C7000478DCF /* PBXTargetDependency */ = {
			isa = PBXTargetDependency;
			target = 0950B5A12CB71C6E00478DCF /* BP Detector */;
			targetProxy = 0950B5BD2CB71C7000478DCF /* PBXContainerItemProxy */;
		};
/* End PBXTargetDependency section */

/* Begin XCBuildConfiguration section */
		0950B5C42CB71C7000478DCF /* Debug */ = {
			isa = XCBuildConfiguration;
			buildSettings = {
				ALWAYS_SEARCH_USER_PATHS = NO;
				ASSETCATALOG_COMPILER_GENERATE_SWIFT_ASSET_SYMBOL_EXTENSIONS = YES;
				CLANG_ANALYZER_NONNULL = YES;
				CLANG_ANALYZER_NUMBER_OBJECT_CONVERSION = YES_AGGRESSIVE;
				CLANG_CXX_LANGUAGE_STANDARD = "gnu++20";
				CLANG_ENABLE_MODULES = YES;
				CLANG_ENABLE_OBJC_ARC = YES;
				CLANG_ENABLE_OBJC_WEAK = YES;
				CLANG_WARN_BLOCK_CAPTURE_AUTORELEASING = YES;
				CLANG_WARN_BOOL_CONVERSION = YES;
				CLANG_WARN_COMMA = YES;
				CLANG_WARN_CONSTANT_CONVERSION = YES;
				CLANG_WARN_DEPRECATED_OBJC_IMPLEMENTATIONS = YES;
				CLANG_WARN_DIRECT_OBJC_ISA_USAGE = YES_ERROR;
				CLANG_WARN_DOCUMENTATION_COMMENTS = YES;
				CLANG_WARN_EMPTY_BODY = YES;
				CLANG_WARN_ENUM_CONVERSION = YES;
				CLANG_WARN_INFINITE_RECURSION = YES;
				CLANG_WARN_INT_CONVERSION = YES;
				CLANG_WARN_NON_LITERAL_NULL_CONVERSION = YES;
				CLANG_WARN_OBJC_IMPLICIT_RETAIN_SELF = YES;
				CLANG_WARN_OBJC_LITERAL_CONVERSION = YES;
				CLANG_WARN_OBJC_ROOT_CLASS = YES_ERROR;
				CLANG_WARN_QUOTED_INCLUDE_IN_FRAMEWORK_HEADER = YES;
				CLANG_WARN_RANGE_LOOP_ANALYSIS = YES;
				CLANG_WARN_STRICT_PROTOTYPES = YES;
				CLANG_WARN_SUSPICIOUS_MOVE = YES;
				CLANG_WARN_UNGUARDED_AVAILABILITY = YES_AGGRESSIVE;
				CLANG_WARN_UNREACHABLE_CODE = YES;
				CLANG_WARN__DUPLICATE_METHOD_MATCH = YES;
				COPY_PHASE_STRIP = NO;
				DEBUG_INFORMATION_FORMAT = dwarf;
				ENABLE_STRICT_OBJC_MSGSEND = YES;
				ENABLE_TESTABILITY = YES;
				ENABLE_USER_SCRIPT_SANDBOXING = YES;
				GCC_C_LANGUAGE_STANDARD = gnu17;
				GCC_DYNAMIC_NO_PIC = NO;
				GCC_NO_COMMON_BLOCKS = YES;
				GCC_OPTIMIZATION_LEVEL = 0;
				GCC_PREPROCESSOR_DEFINITIONS = (
					"DEBUG=1",
					"$(inherited)",
				);
				GCC_WARN_64_TO_32_BIT_CONVERSION = YES;
				GCC_WARN_ABOUT_RETURN_TYPE = YES_ERROR;
				GCC_WARN_UNDECLARED_SELECTOR = YES;
				GCC_WARN_UNINITIALIZED_AUTOS = YES_AGGRESSIVE;
				GCC_WARN_UNUSED_FUNCTION = YES;
				GCC_WARN_UNUSED_VARIABLE = YES;
				IPHONEOS_DEPLOYMENT_TARGET = 18.0;
				LOCALIZATION_PREFERS_STRING_CATALOGS = YES;
				MTL_ENABLE_DEBUG_INFO = INCLUDE_SOURCE;
				MTL_FAST_MATH = YES;
				ONLY_ACTIVE_ARCH = YES;
				SDKROOT = iphoneos;
				SWIFT_ACTIVE_COMPILATION_CONDITIONS = "DEBUG $(inherited)";
				SWIFT_OPTIMIZATION_LEVEL = "-Onone";
			};
			name = Debug;
		};
		0950B5C52CB71C7000478DCF /* Release */ = {
			isa = XCBuildConfiguration;
			buildSettings = {
				ALWAYS_SEARCH_USER_PATHS = NO;
				ASSETCATALOG_COMPILER_GENERATE_SWIFT_ASSET_SYMBOL_EXTENSIONS = YES;
				CLANG_ANALYZER_NONNULL = YES;
				CLANG_ANALYZER_NUMBER_OBJECT_CONVERSION = YES_AGGRESSIVE;
				CLANG_CXX_LANGUAGE_STANDARD = "gnu++20";
				CLANG_ENABLE_MODULES = YES;
				CLANG_ENABLE_OBJC_ARC = YES;
				CLANG_ENABLE_OBJC_WEAK = YES;
				CLANG_WARN_BLOCK_CAPTURE_AUTORELEASING = YES;
				CLANG_WARN_BOOL_CONVERSION = YES;
				CLANG_WARN_COMMA = YES;
				CLANG_WARN_CONSTANT_CONVERSION = YES;
				CLANG_WARN_DEPRECATED_OBJC_IMPLEMENTATIONS = YES;
				CLANG_WARN_DIRECT_OBJC_ISA_USAGE = YES_ERROR;
				CLANG_WARN_DOCUMENTATION_COMMENTS = YES;
				CLANG_WARN_EMPTY_BODY = YES;
				CLANG_WARN_ENUM_CONVERSION = YES;
				CLANG_WARN_INFINITE_RECURSION = YES;
				CLANG_WARN_INT_CONVERSION = YES;
				CLANG_WARN_NON_LITERAL_NULL_CONVERSION = YES;
				CLANG_WARN_OBJC_IMPLICIT_RETAIN_SELF = YES;
				CLANG_WARN_OBJC_LITERAL_CONVERSION = YES;
				CLANG_WARN_OBJC_ROOT_CLASS = YES_ERROR;
				CLANG_WARN_QUOTED_INCLUDE_IN_FRAMEWORK_HEADER = YES;
				CLANG_WARN_RANGE_LOOP_ANALYSIS = YES;
				CLANG_WARN_STRICT_PROTOTYPES = YES;
				CLANG_WARN_SUSPICIOUS_MOVE = YES;
				CLANG_WARN_UNGUARDED_AVAILABILITY = YES_AGGRESSIVE;
				CLANG_WARN_UNREACHABLE_CODE = YES;
				CLANG_WARN__DUPLICATE_METHOD_MATCH = YES;
				COPY_PHASE_STRIP = NO;
				DEBUG_INFORMATION_FORMAT = "dwarf-with-dsym";
				ENABLE_NS_ASSERTIONS = NO;
				ENABLE_STRICT_OBJC_MSGSEND = YES;
				ENABLE_USER_SCRIPT_SANDBOXING = YES;
				GCC_C_LANGUAGE_STANDARD = gnu17;
				GCC_NO_COMMON_BLOCKS = YES;
				GCC_WARN_64_TO_32_BIT_CONVERSION = YES;
				GCC_WARN_ABOUT_RETURN_TYPE = YES_ERROR;
				GCC_WARN_UNDECLARED_SELECTOR = YES;
				GCC_WARN_UNINITIALIZED_AUTOS = YES_AGGRESSIVE;
				GCC_WARN_UNUSED_FUNCTION = YES;
				GCC_WARN_UNUSED_VARIABLE = YES;
				IPHONEOS_DEPLOYMENT_TARGET = 18.0;
				LOCALIZATION_PREFERS_STRING_CATALOGS = YES;
				MTL_ENABLE_DEBUG_INFO = NO;
				MTL_FAST_MATH = YES;
				SDKROOT = iphoneos;
				SWIFT_COMPILATION_MODE = wholemodule;
				VALIDATE_PRODUCT = YES;
			};
			name = Release;
		};
		0950B5C72CB71C7000478DCF /* Debug */ = {
			isa = XCBuildConfiguration;
			buildSettings = {
				ASSETCATALOG_COMPILER_APPICON_NAME = AppIcon;
				ASSETCATALOG_COMPILER_GLOBAL_ACCENT_COLOR_NAME = AccentColor;
				CODE_SIGN_STYLE = Automatic;
				CURRENT_PROJECT_VERSION = 1;
				DEVELOPMENT_ASSET_PATHS = "\"BP Detector/Preview Content\"";
				ENABLE_PREVIEWS = YES;
				GENERATE_INFOPLIST_FILE = YES;
				INFOPLIST_KEY_UIApplicationSceneManifest_Generation = YES;
				INFOPLIST_KEY_UIApplicationSupportsIndirectInputEvents = YES;
				INFOPLIST_KEY_UILaunchScreen_Generation = YES;
				INFOPLIST_KEY_UISupportedInterfaceOrientations_iPad = "UIInterfaceOrientationPortrait UIInterfaceOrientationPortraitUpsideDown UIInterfaceOrientationLandscapeLeft UIInterfaceOrientationLandscapeRight";
				INFOPLIST_KEY_UISupportedInterfaceOrientations_iPhone = "UIInterfaceOrientationPortrait UIInterfaceOrientationLandscapeLeft UIInterfaceOrientationLandscapeRight";
				LD_RUNPATH_SEARCH_PATHS = (
					"$(inherited)",
					"@executable_path/Frameworks",
				);
				MARKETING_VERSION = 1.0;
				PRODUCT_BUNDLE_IDENTIFIER = "FItzgeraldinc.BP-Detector";
				PRODUCT_NAME = "$(TARGET_NAME)";
				SWIFT_EMIT_LOC_STRINGS = YES;
				SWIFT_VERSION = 5.0;
				TARGETED_DEVICE_FAMILY = "1,2";
			};
			name = Debug;
		};
		0950B5C82CB71C7000478DCF /* Release */ = {
			isa = XCBuildConfiguration;
			buildSettings = {
				ASSETCATALOG_COMPILER_APPICON_NAME = AppIcon;
				ASSETCATALOG_COMPILER_GLOBAL_ACCENT_COLOR_NAME = AccentColor;
				CODE_SIGN_STYLE = Automatic;
				CURRENT_PROJECT_VERSION = 1;
				DEVELOPMENT_ASSET_PATHS = "\"BP Detector/Preview Content\"";
				ENABLE_PREVIEWS = YES;
				GENERATE_INFOPLIST_FILE = YES;
				INFOPLIST_KEY_UIApplicationSceneManifest_Generation = YES;
				INFOPLIST_KEY_UIApplicationSupportsIndirectInputEvents = YES;
				INFOPLIST_KEY_UILaunchScreen_Generation = YES;
				INFOPLIST_KEY_UISupportedInterfaceOrientations_iPad = "UIInterfaceOrientationPortrait UIInterfaceOrientationPortraitUpsideDown UIInterfaceOrientationLandscapeLeft UIInterfaceOrientationLandscapeRight";
				INFOPLIST_KEY_UISupportedInterfaceOrientations_iPhone = "UIInterfaceOrientationPortrait UIInterfaceOrientationLandscapeLeft UIInterfaceOrientationLandscapeRight";
				LD_RUNPATH_SEARCH_PATHS = (
					"$(inherited)",
					"@executable_path/Frameworks",
				);
				MARKETING_VERSION = 1.0;
				PRODUCT_BUNDLE_IDENTIFIER = "FItzgeraldinc.BP-Detector";
				PRODUCT_NAME = "$(TARGET_NAME)";
				SWIFT_EMIT_LOC_STRINGS = YES;
				SWIFT_VERSION = 5.0;
				TARGETED_DEVICE_FAMILY = "1,2";
			};
			name = Release;
		};
		0950B5CA2CB71C7000478DCF /* Debug */ = {
			isa = XCBuildConfiguration;
			buildSettings = {
				BUNDLE_LOADER = "$(TEST_HOST)";
				CODE_SIGN_STYLE = Automatic;
				CURRENT_PROJECT_VERSION = 1;
				GENERATE_INFOPLIST_FILE = YES;
				IPHONEOS_DEPLOYMENT_TARGET = 18.0;
				MARKETING_VERSION = 1.0;
				PRODUCT_BUNDLE_IDENTIFIER = "FItzgeraldinc.BP-DetectorTests";
				PRODUCT_NAME = "$(TARGET_NAME)";
				SWIFT_EMIT_LOC_STRINGS = NO;
				SWIFT_VERSION = 5.0;
				TARGETED_DEVICE_FAMILY = "1,2";
				TEST_HOST = "$(BUILT_PRODUCTS_DIR)/BP Detector.app/$(BUNDLE_EXECUTABLE_FOLDER_PATH)/BP Detector";
			};
			name = Debug;
		};
		0950B5CB2CB71C7000478DCF /* Release */ = {
			isa = XCBuildConfiguration;
			buildSettings = {
				BUNDLE_LOADER = "$(TEST_HOST)";
				CODE_SIGN_STYLE = Automatic;
				CURRENT_PROJECT_VERSION = 1;
				GENERATE_INFOPLIST_FILE = YES;
				IPHONEOS_DEPLOYMENT_TARGET = 18.0;
				MARKETING_VERSION = 1.0;
				PRODUCT_BUNDLE_IDENTIFIER = "FItzgeraldinc.BP-DetectorTests";
				PRODUCT_NAME = "$(TARGET_NAME)";
				SWIFT_EMIT_LOC_STRINGS = NO;
				SWIFT_VERSION = 5.0;
				TARGETED_DEVICE_FAMILY = "1,2";
				TEST_HOST = "$(BUILT_PRODUCTS_DIR)/BP Detector.app/$(BUNDLE_EXECUTABLE_FOLDER_PATH)/BP Detector";
			};
			name = Release;
		};
		0950B5CD2CB71C7000478DCF /* Debug */ = {
			isa = XCBuildConfiguration;
			buildSettings = {
				CODE_SIGN_STYLE = Automatic;
				CURRENT_PROJECT_VERSION = 1;
				GENERATE_INFOPLIST_FILE = YES;
				MARKETING_VERSION = 1.0;
				PRODUCT_BUNDLE_IDENTIFIER = "FItzgeraldinc.BP-DetectorUITests";
				PRODUCT_NAME = "$(TARGET_NAME)";
				SWIFT_EMIT_LOC_STRINGS = NO;
				SWIFT_VERSION = 5.0;
				TARGETED_DEVICE_FAMILY = "1,2";
				TEST_TARGET_NAME = "BP Detector";
			};
			name = Debug;
		};
		0950B5CE2CB71C7000478DCF /* Release */ = {
			isa = XCBuildConfiguration;
			buildSettings = {
				CODE_SIGN_STYLE = Automatic;
				CURRENT_PROJECT_VERSION = 1;
				GENERATE_INFOPLIST_FILE = YES;
				MARKETING_VERSION = 1.0;
				PRODUCT_BUNDLE_IDENTIFIER = "FItzgeraldinc.BP-DetectorUITests";
				PRODUCT_NAME = "$(TARGET_NAME)";
				SWIFT_EMIT_LOC_STRINGS = NO;
				SWIFT_VERSION = 5.0;
				TARGETED_DEVICE_FAMILY = "1,2";
				TEST_TARGET_NAME = "BP Detector";
			};
			name = Release;
		};
/* End XCBuildConfiguration section */

/* Begin XCConfigurationList section */
		0950B59D2CB71C6E00478DCF /* Build configuration list for PBXProject "BP Detector" */ = {
			isa = XCConfigurationList;
			buildConfigurations = (
				0950B5C42CB71C7000478DCF /* Debug */,
				0950B5C52CB71C7000478DCF /* Release */,
			);
			defaultConfigurationIsVisible = 0;
			defaultConfigurationName = Release;
		};
		0950B5C62CB71C7000478DCF /* Build configuration list for PBXNativeTarget "BP Detector" */ = {
			isa = XCConfigurationList;
			buildConfigurations = (
				0950B5C72CB71C7000478DCF /* Debug */,
				0950B5C82CB71C7000478DCF /* Release */,
			);
			defaultConfigurationIsVisible = 0;
			defaultConfigurationName = Release;
		};
		0950B5C92CB71C7000478DCF /* Build configuration list for PBXNativeTarget "BP DetectorTests" */ = {
			isa = XCConfigurationList;
			buildConfigurations = (
				0950B5CA2CB71C7000478DCF /* Debug */,
				0950B5CB2CB71C7000478DCF /* Release */,
			);
			defaultConfigurationIsVisible = 0;
			defaultConfigurationName = Release;
		};
		0950B5CC2CB71C7000478DCF /* Build configuration list for PBXNativeTarget "BP DetectorUITests" */ = {
			isa = XCConfigurationList;
			buildConfigurations = (
				0950B5CD2CB71C7000478DCF /* Debug */,
				0950B5CE2CB71C7000478DCF /* Release */,
			);
			defaultConfigurationIsVisible = 0;
			defaultConfigurationName = Release;
		};
/* End XCConfigurationList section */
	};
	rootObject = 0950B59A2CB71C6E00478DCF /* Project object */;
}
